
Microsoft Visual Studio Solution File, Format Version 12.00
# Visual Studio Express 2012 for Web
Project("{FAE04EC0-301F-11D3-BF4B-00C04F79EFBC}") = "StrawmanApp", "StrawmanApp.csproj", "{8CC40C5C-2BBE-4B72-910D-DE91D4349BA2}"
EndProject
Project("{FAE04EC0-301F-11D3-BF4B-00C04F79EFBC}") = "StrawmanDBLibray", "..\StrawmanDBLibray\StrawmanDBLibray.csproj", "{E9877F52-BC50-4B72-A5B0-C115B3C80CBE}"
EndProject
Global
	GlobalSection(SolutionConfigurationPlatforms) = preSolution
		Debug|Any CPU = Debug|Any CPU
		Release|Any CPU = Release|Any CPU
	EndGlobalSection
	GlobalSection(ProjectConfigurationPlatforms) = postSolution
		{8CC40C5C-2BBE-4B72-910D-DE91D4349BA2}.Debug|Any CPU.ActiveCfg = Debug|Any CPU
		{8CC40C5C-2BBE-4B72-910D-DE91D4349BA2}.Debug|Any CPU.Build.0 = Debug|Any CPU
		{8CC40C5C-2BBE-4B72-910D-DE91D4349BA2}.Release|Any CPU.ActiveCfg = Release|Any CPU
		{8CC40C5C-2BBE-4B72-910D-DE91D4349BA2}.Release|Any CPU.Build.0 = Release|Any CPU
		{E9877F52-BC50-4B72-A5B0-C115B3C80CBE}.Debug|Any CPU.ActiveCfg = Debug|Any CPU
		{E9877F52-BC50-4B72-A5B0-C115B3C80CBE}.Debug|Any CPU.Build.0 = Debug|Any CPU
		{E9877F52-BC50-4B72-A5B0-C115B3C80CBE}.Release|Any CPU.ActiveCfg = Release|Any CPU
		{E9877F52-BC50-4B72-A5B0-C115B3C80CBE}.Release|Any CPU.Build.0 = Release|Any CPU
	EndGlobalSection
	GlobalSection(SolutionProperties) = preSolution
		HideSolutionNode = FALSE
	EndGlobalSection
EndGlobal
